
Microsoft Visual Studio Solution File, Format Version 12.00
# Visual Studio Version 16
VisualStudioVersion = 16.0.31321.278
MinimumVisualStudioVersion = 10.0.40219.1
Project("{FAE04EC0-301F-11D3-BF4B-00C04F79EFBC}") = "GerenciadorDeTarefas", "GerenciadorDeTarefas\GerenciadorDeTarefas.csproj", "{74EC2CF6-4C66-463C-B224-56D25E80BEAC}"
EndProject
Global
	GlobalSection(SolutionConfigurationPlatforms) = preSolution
		Debug|Any CPU = Debug|Any CPU
		Release|Any CPU = Release|Any CPU
	EndGlobalSection
	GlobalSection(ProjectConfigurationPlatforms) = postSolution
		{74EC2CF6-4C66-463C-B224-56D25E80BEAC}.Debug|Any CPU.ActiveCfg = Debug|Any CPU
		{74EC2CF6-4C66-463C-B224-56D25E80BEAC}.Debug|Any CPU.Build.0 = Debug|Any CPU
		{74EC2CF6-4C66-463C-B224-56D25E80BEAC}.Release|Any CPU.ActiveCfg = Release|Any CPU
		{74EC2CF6-4C66-463C-B224-56D25E80BEAC}.Release|Any CPU.Build.0 = Release|Any CPU
	EndGlobalSection
	GlobalSection(SolutionProperties) = preSolution
		HideSolutionNode = FALSE
	EndGlobalSection
	GlobalSection(ExtensibilityGlobals) = postSolution
		SolutionGuid = {D815F7CC-BEA5-4BA8-9E0F-02A5E0B6909D}
	EndGlobalSection
EndGlobal
